// !$*UTF8*$!
{
	archiveVersion = 1;
	classes = {
	};
	objectVersion = 50;
	objects = {

/* Begin PBXBuildFile section */
		1413EDAA22144DDB007D27BB /* AppDelegate.swift in Sources */ = {isa = PBXBuildFile; fileRef = 1413EDA922144DDB007D27BB /* AppDelegate.swift */; };
		1413EDAC22144DDB007D27BB /* LoginViewController.swift in Sources */ = {isa = PBXBuildFile; fileRef = 1413EDAB22144DDB007D27BB /* LoginViewController.swift */; };
		1413EDAF22144DDB007D27BB /* Main.storyboard in Resources */ = {isa = PBXBuildFile; fileRef = 1413EDAD22144DDB007D27BB /* Main.storyboard */; };
		1413EDB122144DDC007D27BB /* Assets.xcassets in Resources */ = {isa = PBXBuildFile; fileRef = 1413EDB022144DDC007D27BB /* Assets.xcassets */; };
		1413EDB422144DDC007D27BB /* LaunchScreen.storyboard in Resources */ = {isa = PBXBuildFile; fileRef = 1413EDB222144DDC007D27BB /* LaunchScreen.storyboard */; };
		1413EDBF22144DDC007D27BB /* OnTheMapTests.swift in Sources */ = {isa = PBXBuildFile; fileRef = 1413EDBE22144DDC007D27BB /* OnTheMapTests.swift */; };
		1413EDCA22144DDC007D27BB /* OnTheMapUITests.swift in Sources */ = {isa = PBXBuildFile; fileRef = 1413EDC922144DDC007D27BB /* OnTheMapUITests.swift */; };
		1413EDDB22144EA7007D27BB /* Default-568h@2x.png in Resources */ = {isa = PBXBuildFile; fileRef = 1413EDDA22144EA7007D27BB /* Default-568h@2x.png */; };
		1413EDDD2214516C007D27BB /* MapViewController.swift in Sources */ = {isa = PBXBuildFile; fileRef = 1413EDDC2214516C007D27BB /* MapViewController.swift */; };
		1413EDDF22145459007D27BB /* StudentsTableViewController.swift in Sources */ = {isa = PBXBuildFile; fileRef = 1413EDDE22145459007D27BB /* StudentsTableViewController.swift */; };
		1413EDE122145479007D27BB /* StudentCell.swift in Sources */ = {isa = PBXBuildFile; fileRef = 1413EDE022145479007D27BB /* StudentCell.swift */; };
		1413EDE322145883007D27BB /* InformationPostingViewController.swift in Sources */ = {isa = PBXBuildFile; fileRef = 1413EDE222145883007D27BB /* InformationPostingViewController.swift */; };
		1413EDE5221459A7007D27BB /* ConfirmLocationViewController.swift in Sources */ = {isa = PBXBuildFile; fileRef = 1413EDE4221459A7007D27BB /* ConfirmLocationViewController.swift */; };
		145A57F9221B1BE8006385C1 /* ParseClient.swift in Sources */ = {isa = PBXBuildFile; fileRef = 145A57F8221B1BE8006385C1 /* ParseClient.swift */; };
		145A57FE221B1C61006385C1 /* RequestHelper.swift in Sources */ = {isa = PBXBuildFile; fileRef = 145A57FD221B1C61006385C1 /* RequestHelper.swift */; };
		145A580A221B6DEA006385C1 /* Session.swift in Sources */ = {isa = PBXBuildFile; fileRef = 145A5809221B6DEA006385C1 /* Session.swift */; };
		145A580C221C437E006385C1 /* SessionResponse.swift in Sources */ = {isa = PBXBuildFile; fileRef = 145A580B221C437E006385C1 /* SessionResponse.swift */; };
		145A580E221C43B6006385C1 /* Account.swift in Sources */ = {isa = PBXBuildFile; fileRef = 145A580D221C43B6006385C1 /* Account.swift */; };
		145A5815221C93F2006385C1 /* Student.swift in Sources */ = {isa = PBXBuildFile; fileRef = 145A5814221C93F2006385C1 /* Student.swift */; };
		145A5818221C9649006385C1 /* GetStudentResponse.swift in Sources */ = {isa = PBXBuildFile; fileRef = 145A5817221C9649006385C1 /* GetStudentResponse.swift */; };
		145A582F221EEBD5006385C1 /* GetStudentsResponse.swift in Sources */ = {isa = PBXBuildFile; fileRef = 145A582E221EEBD5006385C1 /* GetStudentsResponse.swift */; };
		145A5831221EEFFB006385C1 /* User.swift in Sources */ = {isa = PBXBuildFile; fileRef = 145A5830221EEFFB006385C1 /* User.swift */; };
		145A5833221EF275006385C1 /* GetUserIdResponse.swift in Sources */ = {isa = PBXBuildFile; fileRef = 145A5832221EF275006385C1 /* GetUserIdResponse.swift */; };
		14DE9BD92214FBAD001BBC3C /* TabBarViewController.swift in Sources */ = {isa = PBXBuildFile; fileRef = 14DE9BD82214FBAD001BBC3C /* TabBarViewController.swift */; };
		14DE9BE02215B2A6001BBC3C /* UdacityClient.swift in Sources */ = {isa = PBXBuildFile; fileRef = 14DE9BDF2215B2A6001BBC3C /* UdacityClient.swift */; };
		14F08ACF2215DBE30059901A /* FunctionsHelper.swift in Sources */ = {isa = PBXBuildFile; fileRef = 14F08ACE2215DBE30059901A /* FunctionsHelper.swift */; };
		6550575A222474E2001267CF /* CurrentSessionData.swift in Sources */ = {isa = PBXBuildFile; fileRef = 65505759222474E2001267CF /* CurrentSessionData.swift */; };
		6550575F22248287001267CF /* PutStudentResponse.swift in Sources */ = {isa = PBXBuildFile; fileRef = 6550575E22248287001267CF /* PutStudentResponse.swift */; };
/* End PBXBuildFile section */

/* Begin PBXContainerItemProxy section */
		1413EDBB22144DDC007D27BB /* PBXContainerItemProxy */ = {
			isa = PBXContainerItemProxy;
			containerPortal = 1413ED9E22144DDA007D27BB /* Project object */;
			proxyType = 1;
			remoteGlobalIDString = 1413EDA522144DDB007D27BB;
			remoteInfo = OnTheMap;
		};
		1413EDC622144DDC007D27BB /* PBXContainerItemProxy */ = {
			isa = PBXContainerItemProxy;
			containerPortal = 1413ED9E22144DDA007D27BB /* Project object */;
			proxyType = 1;
			remoteGlobalIDString = 1413EDA522144DDB007D27BB;
			remoteInfo = OnTheMap;
		};
/* End PBXContainerItemProxy section */

/* Begin PBXFileReference section */
		1413EDA622144DDB007D27BB /* OnTheMap.app */ = {isa = PBXFileReference; explicitFileType = wrapper.application; includeInIndex = 0; path = OnTheMap.app; sourceTree = BUILT_PRODUCTS_DIR; };
		1413EDA922144DDB007D27BB /* AppDelegate.swift */ = {isa = PBXFileReference; lastKnownFileType = sourcecode.swift; path = AppDelegate.swift; sourceTree = "<group>"; };
		1413EDAB22144DDB007D27BB /* LoginViewController.swift */ = {isa = PBXFileReference; lastKnownFileType = sourcecode.swift; path = LoginViewController.swift; sourceTree = "<group>"; };
		1413EDAE22144DDB007D27BB /* Base */ = {isa = PBXFileReference; lastKnownFileType = file.storyboard; name = Base; path = Base.lproj/Main.storyboard; sourceTree = "<group>"; };
		1413EDB022144DDC007D27BB /* Assets.xcassets */ = {isa = PBXFileReference; lastKnownFileType = folder.assetcatalog; path = Assets.xcassets; sourceTree = "<group>"; };
		1413EDB322144DDC007D27BB /* Base */ = {isa = PBXFileReference; lastKnownFileType = file.storyboard; name = Base; path = Base.lproj/LaunchScreen.storyboard; sourceTree = "<group>"; };
		1413EDB522144DDC007D27BB /* Info.plist */ = {isa = PBXFileReference; lastKnownFileType = text.plist.xml; path = Info.plist; sourceTree = "<group>"; };
		1413EDBA22144DDC007D27BB /* OnTheMapTests.xctest */ = {isa = PBXFileReference; explicitFileType = wrapper.cfbundle; includeInIndex = 0; path = OnTheMapTests.xctest; sourceTree = BUILT_PRODUCTS_DIR; };
		1413EDBE22144DDC007D27BB /* OnTheMapTests.swift */ = {isa = PBXFileReference; lastKnownFileType = sourcecode.swift; path = OnTheMapTests.swift; sourceTree = "<group>"; };
		1413EDC022144DDC007D27BB /* Info.plist */ = {isa = PBXFileReference; lastKnownFileType = text.plist.xml; path = Info.plist; sourceTree = "<group>"; };
		1413EDC522144DDC007D27BB /* OnTheMapUITests.xctest */ = {isa = PBXFileReference; explicitFileType = wrapper.cfbundle; includeInIndex = 0; path = OnTheMapUITests.xctest; sourceTree = BUILT_PRODUCTS_DIR; };
		1413EDC922144DDC007D27BB /* OnTheMapUITests.swift */ = {isa = PBXFileReference; lastKnownFileType = sourcecode.swift; path = OnTheMapUITests.swift; sourceTree = "<group>"; };
		1413EDCB22144DDC007D27BB /* Info.plist */ = {isa = PBXFileReference; lastKnownFileType = text.plist.xml; path = Info.plist; sourceTree = "<group>"; };
		1413EDDA22144EA7007D27BB /* Default-568h@2x.png */ = {isa = PBXFileReference; lastKnownFileType = image.png; path = "Default-568h@2x.png"; sourceTree = "<group>"; };
		1413EDDC2214516C007D27BB /* MapViewController.swift */ = {isa = PBXFileReference; lastKnownFileType = sourcecode.swift; path = MapViewController.swift; sourceTree = "<group>"; };
		1413EDDE22145459007D27BB /* StudentsTableViewController.swift */ = {isa = PBXFileReference; lastKnownFileType = sourcecode.swift; path = StudentsTableViewController.swift; sourceTree = "<group>"; };
		1413EDE022145479007D27BB /* StudentCell.swift */ = {isa = PBXFileReference; lastKnownFileType = sourcecode.swift; path = StudentCell.swift; sourceTree = "<group>"; };
		1413EDE222145883007D27BB /* InformationPostingViewController.swift */ = {isa = PBXFileReference; lastKnownFileType = sourcecode.swift; path = InformationPostingViewController.swift; sourceTree = "<group>"; };
		1413EDE4221459A7007D27BB /* ConfirmLocationViewController.swift */ = {isa = PBXFileReference; lastKnownFileType = sourcecode.swift; path = ConfirmLocationViewController.swift; sourceTree = "<group>"; };
		145A57F8221B1BE8006385C1 /* ParseClient.swift */ = {isa = PBXFileReference; lastKnownFileType = sourcecode.swift; path = ParseClient.swift; sourceTree = "<group>"; };
		145A57FD221B1C61006385C1 /* RequestHelper.swift */ = {isa = PBXFileReference; lastKnownFileType = sourcecode.swift; path = RequestHelper.swift; sourceTree = "<group>"; };
		145A5809221B6DEA006385C1 /* Session.swift */ = {isa = PBXFileReference; lastKnownFileType = sourcecode.swift; path = Session.swift; sourceTree = "<group>"; };
		145A580B221C437E006385C1 /* SessionResponse.swift */ = {isa = PBXFileReference; lastKnownFileType = sourcecode.swift; path = SessionResponse.swift; sourceTree = "<group>"; };
		145A580D221C43B6006385C1 /* Account.swift */ = {isa = PBXFileReference; lastKnownFileType = sourcecode.swift; path = Account.swift; sourceTree = "<group>"; };
		145A5814221C93F2006385C1 /* Student.swift */ = {isa = PBXFileReference; lastKnownFileType = sourcecode.swift; path = Student.swift; sourceTree = "<group>"; };
		145A5817221C9649006385C1 /* GetStudentResponse.swift */ = {isa = PBXFileReference; lastKnownFileType = sourcecode.swift; path = GetStudentResponse.swift; sourceTree = "<group>"; };
		145A582E221EEBD5006385C1 /* GetStudentsResponse.swift */ = {isa = PBXFileReference; lastKnownFileType = sourcecode.swift; path = GetStudentsResponse.swift; sourceTree = "<group>"; };
		145A5830221EEFFB006385C1 /* User.swift */ = {isa = PBXFileReference; lastKnownFileType = sourcecode.swift; path = User.swift; sourceTree = "<group>"; };
		145A5832221EF275006385C1 /* GetUserIdResponse.swift */ = {isa = PBXFileReference; lastKnownFileType = sourcecode.swift; path = GetUserIdResponse.swift; sourceTree = "<group>"; };
		14DE9BD82214FBAD001BBC3C /* TabBarViewController.swift */ = {isa = PBXFileReference; lastKnownFileType = sourcecode.swift; path = TabBarViewController.swift; sourceTree = "<group>"; };
		14DE9BDF2215B2A6001BBC3C /* UdacityClient.swift */ = {isa = PBXFileReference; lastKnownFileType = sourcecode.swift; path = UdacityClient.swift; sourceTree = "<group>"; };
		14F08ACE2215DBE30059901A /* FunctionsHelper.swift */ = {isa = PBXFileReference; lastKnownFileType = sourcecode.swift; path = FunctionsHelper.swift; sourceTree = "<group>"; };
		65505759222474E2001267CF /* CurrentSessionData.swift */ = {isa = PBXFileReference; lastKnownFileType = sourcecode.swift; path = CurrentSessionData.swift; sourceTree = "<group>"; };
		6550575E22248287001267CF /* PutStudentResponse.swift */ = {isa = PBXFileReference; lastKnownFileType = sourcecode.swift; path = PutStudentResponse.swift; sourceTree = "<group>"; };
/* End PBXFileReference section */

/* Begin PBXFrameworksBuildPhase section */
		1413EDA322144DDB007D27BB /* Frameworks */ = {
			isa = PBXFrameworksBuildPhase;
			buildActionMask = 2147483647;
			files = (
			);
			runOnlyForDeploymentPostprocessing = 0;
		};
		1413EDB722144DDC007D27BB /* Frameworks */ = {
			isa = PBXFrameworksBuildPhase;
			buildActionMask = 2147483647;
			files = (
			);
			runOnlyForDeploymentPostprocessing = 0;
		};
		1413EDC222144DDC007D27BB /* Frameworks */ = {
			isa = PBXFrameworksBuildPhase;
			buildActionMask = 2147483647;
			files = (
			);
			runOnlyForDeploymentPostprocessing = 0;
		};
/* End PBXFrameworksBuildPhase section */

/* Begin PBXGroup section */
		1413ED9D22144DDA007D27BB = {
			isa = PBXGroup;
			children = (
				1413EDA822144DDB007D27BB /* OnTheMap */,
				1413EDBD22144DDC007D27BB /* OnTheMapTests */,
				1413EDC822144DDC007D27BB /* OnTheMapUITests */,
				1413EDA722144DDB007D27BB /* Products */,
			);
			sourceTree = "<group>";
		};
		1413EDA722144DDB007D27BB /* Products */ = {
			isa = PBXGroup;
			children = (
				1413EDA622144DDB007D27BB /* OnTheMap.app */,
				1413EDBA22144DDC007D27BB /* OnTheMapTests.xctest */,
				1413EDC522144DDC007D27BB /* OnTheMapUITests.xctest */,
			);
			name = Products;
			sourceTree = "<group>";
		};
		1413EDA822144DDB007D27BB /* OnTheMap */ = {
			isa = PBXGroup;
			children = (
				145A582D221EE4EB006385C1 /* Service */,
				145A582B221EE4A1006385C1 /* Application */,
				14DE9BD1221492C3001BBC3C /* Model */,
				14DE9BCF2214927D001BBC3C /* View */,
				145A582C221EE4AD006385C1 /* Assets */,
				1413EDB522144DDC007D27BB /* Info.plist */,
			);
			path = OnTheMap;
			sourceTree = "<group>";
		};
		1413EDBD22144DDC007D27BB /* OnTheMapTests */ = {
			isa = PBXGroup;
			children = (
				1413EDBE22144DDC007D27BB /* OnTheMapTests.swift */,
				1413EDC022144DDC007D27BB /* Info.plist */,
			);
			path = OnTheMapTests;
			sourceTree = "<group>";
		};
		1413EDC822144DDC007D27BB /* OnTheMapUITests */ = {
			isa = PBXGroup;
			children = (
				1413EDC922144DDC007D27BB /* OnTheMapUITests.swift */,
				1413EDCB22144DDC007D27BB /* Info.plist */,
			);
			path = OnTheMapUITests;
			sourceTree = "<group>";
		};
		1413EDD722144E37007D27BB /* Controllers */ = {
			isa = PBXGroup;
			children = (
				145A582A221DD195006385C1 /* Tab Bar */,
				145A5829221DD188006385C1 /* Confirm Location */,
				145A5828221DD17C006385C1 /* Information Posting */,
				145A5827221DD15A006385C1 /* Students Table View */,
				145A5826221DD14F006385C1 /* Map */,
				145A5825221DD141006385C1 /* Login */,
			);
			path = Controllers;
			sourceTree = "<group>";
		};
		1413EDD922144E84007D27BB /* Storyboards */ = {
			isa = PBXGroup;
			children = (
				1413EDAD22144DDB007D27BB /* Main.storyboard */,
			);
			path = Storyboards;
			sourceTree = "<group>";
		};
		145A57FC221B1C0F006385C1 /* Helpers */ = {
			isa = PBXGroup;
			children = (
				145A57FD221B1C61006385C1 /* RequestHelper.swift */,
			);
			path = Helpers;
			sourceTree = "<group>";
		};
		145A57FF221B1FFD006385C1 /* APIs */ = {
			isa = PBXGroup;
			children = (
				145A580F221C4B5C006385C1 /* Udacity */,
				145A5810221C4B69006385C1 /* Parse */,
			);
			path = APIs;
			sourceTree = "<group>";
		};
		145A580F221C4B5C006385C1 /* Udacity */ = {
			isa = PBXGroup;
			children = (
				14DE9BDF2215B2A6001BBC3C /* UdacityClient.swift */,
				145A5813221C8F08006385C1 /* Response Structs */,
			);
			path = Udacity;
			sourceTree = "<group>";
		};
		145A5810221C4B69006385C1 /* Parse */ = {
			isa = PBXGroup;
			children = (
				145A57F8221B1BE8006385C1 /* ParseClient.swift */,
				145A5816221C9627006385C1 /* Response Structs */,
			);
			path = Parse;
			sourceTree = "<group>";
		};
		145A5813221C8F08006385C1 /* Response Structs */ = {
			isa = PBXGroup;
			children = (
				145A580B221C437E006385C1 /* SessionResponse.swift */,
				145A5832221EF275006385C1 /* GetUserIdResponse.swift */,
				145A5809221B6DEA006385C1 /* Session.swift */,
				145A580D221C43B6006385C1 /* Account.swift */,
				145A5830221EEFFB006385C1 /* User.swift */,
			);
			path = "Response Structs";
			sourceTree = "<group>";
		};
		145A5816221C9627006385C1 /* Response Structs */ = {
			isa = PBXGroup;
			children = (
				145A5817221C9649006385C1 /* GetStudentResponse.swift */,
				145A582E221EEBD5006385C1 /* GetStudentsResponse.swift */,
				6550575E22248287001267CF /* PutStudentResponse.swift */,
			);
			path = "Response Structs";
			sourceTree = "<group>";
		};
		145A5824221DD0EC006385C1 /* Student */ = {
			isa = PBXGroup;
			children = (
				145A5814221C93F2006385C1 /* Student.swift */,
			);
			name = Student;
			path = "New Group";
			sourceTree = "<group>";
		};
		145A5825221DD141006385C1 /* Login */ = {
			isa = PBXGroup;
			children = (
				1413EDAB22144DDB007D27BB /* LoginViewController.swift */,
			);
			path = Login;
			sourceTree = "<group>";
		};
		145A5826221DD14F006385C1 /* Map */ = {
			isa = PBXGroup;
			children = (
				1413EDDC2214516C007D27BB /* MapViewController.swift */,
			);
			path = Map;
			sourceTree = "<group>";
		};
		145A5827221DD15A006385C1 /* Students Table View */ = {
			isa = PBXGroup;
			children = (
				1413EDDE22145459007D27BB /* StudentsTableViewController.swift */,
				1413EDE022145479007D27BB /* StudentCell.swift */,
			);
			path = "Students Table View";
			sourceTree = "<group>";
		};
		145A5828221DD17C006385C1 /* Information Posting */ = {
			isa = PBXGroup;
			children = (
				1413EDE222145883007D27BB /* InformationPostingViewController.swift */,
			);
			path = "Information Posting";
			sourceTree = "<group>";
		};
		145A5829221DD188006385C1 /* Confirm Location */ = {
			isa = PBXGroup;
			children = (
				1413EDE4221459A7007D27BB /* ConfirmLocationViewController.swift */,
			);
			path = "Confirm Location";
			sourceTree = "<group>";
		};
		145A582A221DD195006385C1 /* Tab Bar */ = {
			isa = PBXGroup;
			children = (
				14DE9BD82214FBAD001BBC3C /* TabBarViewController.swift */,
			);
			path = "Tab Bar";
			sourceTree = "<group>";
		};
		145A582B221EE4A1006385C1 /* Application */ = {
			isa = PBXGroup;
			children = (
				1413EDA922144DDB007D27BB /* AppDelegate.swift */,
			);
			path = Application;
			sourceTree = "<group>";
		};
		145A582C221EE4AD006385C1 /* Assets */ = {
			isa = PBXGroup;
			children = (
				1413EDDA22144EA7007D27BB /* Default-568h@2x.png */,
				1413EDB022144DDC007D27BB /* Assets.xcassets */,
				1413EDB222144DDC007D27BB /* LaunchScreen.storyboard */,
			);
			path = Assets;
			sourceTree = "<group>";
		};
		145A582D221EE4EB006385C1 /* Service */ = {
			isa = PBXGroup;
			children = (
				65505758222474C9001267CF /* Current Session Data */,
				145A57FF221B1FFD006385C1 /* APIs */,
				145A57FC221B1C0F006385C1 /* Helpers */,
			);
			path = Service;
			sourceTree = "<group>";
		};
		14DE9BCF2214927D001BBC3C /* View */ = {
			isa = PBXGroup;
			children = (
				1413EDD722144E37007D27BB /* Controllers */,
				1413EDD922144E84007D27BB /* Storyboards */,
				14F08AD02215DC620059901A /* Helpers */,
			);
			path = View;
			sourceTree = "<group>";
		};
		14DE9BD1221492C3001BBC3C /* Model */ = {
			isa = PBXGroup;
			children = (
				145A5824221DD0EC006385C1 /* Student */,
			);
			path = Model;
			sourceTree = "<group>";
		};
		14F08AD02215DC620059901A /* Helpers */ = {
			isa = PBXGroup;
			children = (
				14F08ACE2215DBE30059901A /* FunctionsHelper.swift */,
			);
			path = Helpers;
			sourceTree = "<group>";
		};
		65505758222474C9001267CF /* Current Session Data */ = {
			isa = PBXGroup;
			children = (
				65505759222474E2001267CF /* CurrentSessionData.swift */,
			);
			path = "Current Session Data";
			sourceTree = "<group>";
		};
/* End PBXGroup section */

/* Begin PBXNativeTarget section */
		1413EDA522144DDB007D27BB /* OnTheMap */ = {
			isa = PBXNativeTarget;
			buildConfigurationList = 1413EDCE22144DDC007D27BB /* Build configuration list for PBXNativeTarget "OnTheMap" */;
			buildPhases = (
				1413EDA222144DDB007D27BB /* Sources */,
				1413EDA322144DDB007D27BB /* Frameworks */,
				1413EDA422144DDB007D27BB /* Resources */,
			);
			buildRules = (
			);
			dependencies = (
			);
			name = OnTheMap;
			productName = OnTheMap;
			productReference = 1413EDA622144DDB007D27BB /* OnTheMap.app */;
			productType = "com.apple.product-type.application";
		};
		1413EDB922144DDC007D27BB /* OnTheMapTests */ = {
			isa = PBXNativeTarget;
			buildConfigurationList = 1413EDD122144DDC007D27BB /* Build configuration list for PBXNativeTarget "OnTheMapTests" */;
			buildPhases = (
				1413EDB622144DDC007D27BB /* Sources */,
				1413EDB722144DDC007D27BB /* Frameworks */,
				1413EDB822144DDC007D27BB /* Resources */,
			);
			buildRules = (
			);
			dependencies = (
				1413EDBC22144DDC007D27BB /* PBXTargetDependency */,
			);
			name = OnTheMapTests;
			productName = OnTheMapTests;
			productReference = 1413EDBA22144DDC007D27BB /* OnTheMapTests.xctest */;
			productType = "com.apple.product-type.bundle.unit-test";
		};
		1413EDC422144DDC007D27BB /* OnTheMapUITests */ = {
			isa = PBXNativeTarget;
			buildConfigurationList = 1413EDD422144DDC007D27BB /* Build configuration list for PBXNativeTarget "OnTheMapUITests" */;
			buildPhases = (
				1413EDC122144DDC007D27BB /* Sources */,
				1413EDC222144DDC007D27BB /* Frameworks */,
				1413EDC322144DDC007D27BB /* Resources */,
			);
			buildRules = (
			);
			dependencies = (
				1413EDC722144DDC007D27BB /* PBXTargetDependency */,
			);
			name = OnTheMapUITests;
			productName = OnTheMapUITests;
			productReference = 1413EDC522144DDC007D27BB /* OnTheMapUITests.xctest */;
			productType = "com.apple.product-type.bundle.ui-testing";
		};
/* End PBXNativeTarget section */

/* Begin PBXProject section */
		1413ED9E22144DDA007D27BB /* Project object */ = {
			isa = PBXProject;
			attributes = {
				LastSwiftUpdateCheck = 1010;
				LastUpgradeCheck = 1010;
				ORGANIZATIONNAME = "André Sanches Bocato";
				TargetAttributes = {
					1413EDA522144DDB007D27BB = {
						CreatedOnToolsVersion = 10.1;
					};
					1413EDB922144DDC007D27BB = {
						CreatedOnToolsVersion = 10.1;
						TestTargetID = 1413EDA522144DDB007D27BB;
					};
					1413EDC422144DDC007D27BB = {
						CreatedOnToolsVersion = 10.1;
						TestTargetID = 1413EDA522144DDB007D27BB;
					};
				};
			};
			buildConfigurationList = 1413EDA122144DDA007D27BB /* Build configuration list for PBXProject "OnTheMap" */;
			compatibilityVersion = "Xcode 9.3";
			developmentRegion = en;
			hasScannedForEncodings = 0;
			knownRegions = (
				en,
				Base,
			);
			mainGroup = 1413ED9D22144DDA007D27BB;
			productRefGroup = 1413EDA722144DDB007D27BB /* Products */;
			projectDirPath = "";
			projectRoot = "";
			targets = (
				1413EDA522144DDB007D27BB /* OnTheMap */,
				1413EDB922144DDC007D27BB /* OnTheMapTests */,
				1413EDC422144DDC007D27BB /* OnTheMapUITests */,
			);
		};
/* End PBXProject section */

/* Begin PBXResourcesBuildPhase section */
		1413EDA422144DDB007D27BB /* Resources */ = {
			isa = PBXResourcesBuildPhase;
			buildActionMask = 2147483647;
			files = (
				1413EDB422144DDC007D27BB /* LaunchScreen.storyboard in Resources */,
				1413EDDB22144EA7007D27BB /* Default-568h@2x.png in Resources */,
				1413EDB122144DDC007D27BB /* Assets.xcassets in Resources */,
				1413EDAF22144DDB007D27BB /* Main.storyboard in Resources */,
			);
			runOnlyForDeploymentPostprocessing = 0;
		};
		1413EDB822144DDC007D27BB /* Resources */ = {
			isa = PBXResourcesBuildPhase;
			buildActionMask = 2147483647;
			files = (
			);
			runOnlyForDeploymentPostprocessing = 0;
		};
		1413EDC322144DDC007D27BB /* Resources */ = {
			isa = PBXResourcesBuildPhase;
			buildActionMask = 2147483647;
			files = (
			);
			runOnlyForDeploymentPostprocessing = 0;
		};
/* End PBXResourcesBuildPhase section */

/* Begin PBXSourcesBuildPhase section */
		1413EDA222144DDB007D27BB /* Sources */ = {
			isa = PBXSourcesBuildPhase;
			buildActionMask = 2147483647;
			files = (
				145A57FE221B1C61006385C1 /* RequestHelper.swift in Sources */,
				14DE9BE02215B2A6001BBC3C /* UdacityClient.swift in Sources */,
				1413EDE122145479007D27BB /* StudentCell.swift in Sources */,
				14F08ACF2215DBE30059901A /* FunctionsHelper.swift in Sources */,
				14DE9BD92214FBAD001BBC3C /* TabBarViewController.swift in Sources */,
				145A580C221C437E006385C1 /* SessionResponse.swift in Sources */,
				145A5833221EF275006385C1 /* GetUserIdResponse.swift in Sources */,
				1413EDE322145883007D27BB /* InformationPostingViewController.swift in Sources */,
				1413EDAC22144DDB007D27BB /* LoginViewController.swift in Sources */,
				145A5831221EEFFB006385C1 /* User.swift in Sources */,
				145A5818221C9649006385C1 /* GetStudentResponse.swift in Sources */,
				145A582F221EEBD5006385C1 /* GetStudentsResponse.swift in Sources */,
				1413EDDD2214516C007D27BB /* MapViewController.swift in Sources */,
				145A580E221C43B6006385C1 /* Account.swift in Sources */,
				1413EDDF22145459007D27BB /* StudentsTableViewController.swift in Sources */,
				6550575A222474E2001267CF /* CurrentSessionData.swift in Sources */,
				145A5815221C93F2006385C1 /* Student.swift in Sources */,
				145A580A221B6DEA006385C1 /* Session.swift in Sources */,
				1413EDAA22144DDB007D27BB /* AppDelegate.swift in Sources */,
				1413EDE5221459A7007D27BB /* ConfirmLocationViewController.swift in Sources */,
				6550575F22248287001267CF /* PutStudentResponse.swift in Sources */,
				145A57F9221B1BE8006385C1 /* ParseClient.swift in Sources */,
			);
			runOnlyForDeploymentPostprocessing = 0;
		};
		1413EDB622144DDC007D27BB /* Sources */ = {
			isa = PBXSourcesBuildPhase;
			buildActionMask = 2147483647;
			files = (
				1413EDBF22144DDC007D27BB /* OnTheMapTests.swift in Sources */,
			);
			runOnlyForDeploymentPostprocessing = 0;
		};
		1413EDC122144DDC007D27BB /* Sources */ = {
			isa = PBXSourcesBuildPhase;
			buildActionMask = 2147483647;
			files = (
				1413EDCA22144DDC007D27BB /* OnTheMapUITests.swift in Sources */,
			);
			runOnlyForDeploymentPostprocessing = 0;
		};
/* End PBXSourcesBuildPhase section */

/* Begin PBXTargetDependency section */
		1413EDBC22144DDC007D27BB /* PBXTargetDependency */ = {
			isa = PBXTargetDependency;
			target = 1413EDA522144DDB007D27BB /* OnTheMap */;
			targetProxy = 1413EDBB22144DDC007D27BB /* PBXContainerItemProxy */;
		};
		1413EDC722144DDC007D27BB /* PBXTargetDependency */ = {
			isa = PBXTargetDependency;
			target = 1413EDA522144DDB007D27BB /* OnTheMap */;
			targetProxy = 1413EDC622144DDC007D27BB /* PBXContainerItemProxy */;
		};
/* End PBXTargetDependency section */

/* Begin PBXVariantGroup section */
		1413EDAD22144DDB007D27BB /* Main.storyboard */ = {
			isa = PBXVariantGroup;
			children = (
				1413EDAE22144DDB007D27BB /* Base */,
			);
			name = Main.storyboard;
			sourceTree = "<group>";
		};
		1413EDB222144DDC007D27BB /* LaunchScreen.storyboard */ = {
			isa = PBXVariantGroup;
			children = (
				1413EDB322144DDC007D27BB /* Base */,
			);
			name = LaunchScreen.storyboard;
			sourceTree = "<group>";
		};
/* End PBXVariantGroup section */

/* Begin XCBuildConfiguration section */
		1413EDCC22144DDC007D27BB /* Debug */ = {
			isa = XCBuildConfiguration;
			buildSettings = {
				ALWAYS_SEARCH_USER_PATHS = NO;
				CLANG_ANALYZER_NONNULL = YES;
				CLANG_ANALYZER_NUMBER_OBJECT_CONVERSION = YES_AGGRESSIVE;
				CLANG_CXX_LANGUAGE_STANDARD = "gnu++14";
				CLANG_CXX_LIBRARY = "libc++";
				CLANG_ENABLE_MODULES = YES;
				CLANG_ENABLE_OBJC_ARC = YES;
				CLANG_ENABLE_OBJC_WEAK = YES;
				CLANG_WARN_BLOCK_CAPTURE_AUTORELEASING = YES;
				CLANG_WARN_BOOL_CONVERSION = YES;
				CLANG_WARN_COMMA = YES;
				CLANG_WARN_CONSTANT_CONVERSION = YES;
				CLANG_WARN_DEPRECATED_OBJC_IMPLEMENTATIONS = YES;
				CLANG_WARN_DIRECT_OBJC_ISA_USAGE = YES_ERROR;
				CLANG_WARN_DOCUMENTATION_COMMENTS = YES;
				CLANG_WARN_EMPTY_BODY = YES;
				CLANG_WARN_ENUM_CONVERSION = YES;
				CLANG_WARN_INFINITE_RECURSION = YES;
				CLANG_WARN_INT_CONVERSION = YES;
				CLANG_WARN_NON_LITERAL_NULL_CONVERSION = YES;
				CLANG_WARN_OBJC_IMPLICIT_RETAIN_SELF = YES;
				CLANG_WARN_OBJC_LITERAL_CONVERSION = YES;
				CLANG_WARN_OBJC_ROOT_CLASS = YES_ERROR;
				CLANG_WARN_RANGE_LOOP_ANALYSIS = YES;
				CLANG_WARN_STRICT_PROTOTYPES = YES;
				CLANG_WARN_SUSPICIOUS_MOVE = YES;
				CLANG_WARN_UNGUARDED_AVAILABILITY = YES_AGGRESSIVE;
				CLANG_WARN_UNREACHABLE_CODE = YES;
				CLANG_WARN__DUPLICATE_METHOD_MATCH = YES;
				CODE_SIGN_IDENTITY = "iPhone Developer";
				COPY_PHASE_STRIP = NO;
				DEBUG_INFORMATION_FORMAT = dwarf;
				ENABLE_STRICT_OBJC_MSGSEND = YES;
				ENABLE_TESTABILITY = YES;
				GCC_C_LANGUAGE_STANDARD = gnu11;
				GCC_DYNAMIC_NO_PIC = NO;
				GCC_NO_COMMON_BLOCKS = YES;
				GCC_OPTIMIZATION_LEVEL = 0;
				GCC_PREPROCESSOR_DEFINITIONS = (
					"DEBUG=1",
					"$(inherited)",
				);
				GCC_WARN_64_TO_32_BIT_CONVERSION = YES;
				GCC_WARN_ABOUT_RETURN_TYPE = YES_ERROR;
				GCC_WARN_UNDECLARED_SELECTOR = YES;
				GCC_WARN_UNINITIALIZED_AUTOS = YES_AGGRESSIVE;
				GCC_WARN_UNUSED_FUNCTION = YES;
				GCC_WARN_UNUSED_VARIABLE = YES;
				IPHONEOS_DEPLOYMENT_TARGET = 12.1;
				MTL_ENABLE_DEBUG_INFO = INCLUDE_SOURCE;
				MTL_FAST_MATH = YES;
				ONLY_ACTIVE_ARCH = YES;
				SDKROOT = iphoneos;
				SWIFT_ACTIVE_COMPILATION_CONDITIONS = DEBUG;
				SWIFT_OPTIMIZATION_LEVEL = "-Onone";
			};
			name = Debug;
		};
		1413EDCD22144DDC007D27BB /* Release */ = {
			isa = XCBuildConfiguration;
			buildSettings = {
				ALWAYS_SEARCH_USER_PATHS = NO;
				CLANG_ANALYZER_NONNULL = YES;
				CLANG_ANALYZER_NUMBER_OBJECT_CONVERSION = YES_AGGRESSIVE;
				CLANG_CXX_LANGUAGE_STANDARD = "gnu++14";
				CLANG_CXX_LIBRARY = "libc++";
				CLANG_ENABLE_MODULES = YES;
				CLANG_ENABLE_OBJC_ARC = YES;
				CLANG_ENABLE_OBJC_WEAK = YES;
				CLANG_WARN_BLOCK_CAPTURE_AUTORELEASING = YES;
				CLANG_WARN_BOOL_CONVERSION = YES;
				CLANG_WARN_COMMA = YES;
				CLANG_WARN_CONSTANT_CONVERSION = YES;
				CLANG_WARN_DEPRECATED_OBJC_IMPLEMENTATIONS = YES;
				CLANG_WARN_DIRECT_OBJC_ISA_USAGE = YES_ERROR;
				CLANG_WARN_DOCUMENTATION_COMMENTS = YES;
				CLANG_WARN_EMPTY_BODY = YES;
				CLANG_WARN_ENUM_CONVERSION = YES;
				CLANG_WARN_INFINITE_RECURSION = YES;
				CLANG_WARN_INT_CONVERSION = YES;
				CLANG_WARN_NON_LITERAL_NULL_CONVERSION = YES;
				CLANG_WARN_OBJC_IMPLICIT_RETAIN_SELF = YES;
				CLANG_WARN_OBJC_LITERAL_CONVERSION = YES;
				CLANG_WARN_OBJC_ROOT_CLASS = YES_ERROR;
				CLANG_WARN_RANGE_LOOP_ANALYSIS = YES;
				CLANG_WARN_STRICT_PROTOTYPES = YES;
				CLANG_WARN_SUSPICIOUS_MOVE = YES;
				CLANG_WARN_UNGUARDED_AVAILABILITY = YES_AGGRESSIVE;
				CLANG_WARN_UNREACHABLE_CODE = YES;
				CLANG_WARN__DUPLICATE_METHOD_MATCH = YES;
				CODE_SIGN_IDENTITY = "iPhone Developer";
				COPY_PHASE_STRIP = NO;
				DEBUG_INFORMATION_FORMAT = "dwarf-with-dsym";
				ENABLE_NS_ASSERTIONS = NO;
				ENABLE_STRICT_OBJC_MSGSEND = YES;
				GCC_C_LANGUAGE_STANDARD = gnu11;
				GCC_NO_COMMON_BLOCKS = YES;
				GCC_WARN_64_TO_32_BIT_CONVERSION = YES;
				GCC_WARN_ABOUT_RETURN_TYPE = YES_ERROR;
				GCC_WARN_UNDECLARED_SELECTOR = YES;
				GCC_WARN_UNINITIALIZED_AUTOS = YES_AGGRESSIVE;
				GCC_WARN_UNUSED_FUNCTION = YES;
				GCC_WARN_UNUSED_VARIABLE = YES;
				IPHONEOS_DEPLOYMENT_TARGET = 12.1;
				MTL_ENABLE_DEBUG_INFO = NO;
				MTL_FAST_MATH = YES;
				SDKROOT = iphoneos;
				SWIFT_COMPILATION_MODE = wholemodule;
				SWIFT_OPTIMIZATION_LEVEL = "-O";
				VALIDATE_PRODUCT = YES;
			};
			name = Release;
		};
		1413EDCF22144DDC007D27BB /* Debug */ = {
			isa = XCBuildConfiguration;
			buildSettings = {
				ASSETCATALOG_COMPILER_APPICON_NAME = AppIcon;
				CODE_SIGN_STYLE = Automatic;
				DEVELOPMENT_TEAM = Q6D8LQAG8B;
				INFOPLIST_FILE = OnTheMap/Info.plist;
				LD_RUNPATH_SEARCH_PATHS = (
					"$(inherited)",
					"@executable_path/Frameworks",
				);
				PRODUCT_BUNDLE_IDENTIFIER = "br.com.bocato.OnTheMap-Dev";
				PRODUCT_NAME = "$(TARGET_NAME)";
				SWIFT_VERSION = 4.2;
				TARGETED_DEVICE_FAMILY = "1,2";
			};
			name = Debug;
		};
		1413EDD022144DDC007D27BB /* Release */ = {
			isa = XCBuildConfiguration;
			buildSettings = {
				ASSETCATALOG_COMPILER_APPICON_NAME = AppIcon;
				CODE_SIGN_STYLE = Automatic;
				DEVELOPMENT_TEAM = Q6D8LQAG8B;
				INFOPLIST_FILE = OnTheMap/Info.plist;
				LD_RUNPATH_SEARCH_PATHS = (
					"$(inherited)",
					"@executable_path/Frameworks",
				);
				PRODUCT_BUNDLE_IDENTIFIER = "br.com.bocato.OnTheMap-Dev";
				PRODUCT_NAME = "$(TARGET_NAME)";
				SWIFT_VERSION = 4.2;
				TARGETED_DEVICE_FAMILY = "1,2";
			};
			name = Release;
		};
		1413EDD222144DDC007D27BB /* Debug */ = {
			isa = XCBuildConfiguration;
			buildSettings = {
				ALWAYS_EMBED_SWIFT_STANDARD_LIBRARIES = YES;
				BUNDLE_LOADER = "$(TEST_HOST)";
				CODE_SIGN_STYLE = Automatic;
				DEVELOPMENT_TEAM = 8X682DW69D;
				INFOPLIST_FILE = OnTheMapTests/Info.plist;
				LD_RUNPATH_SEARCH_PATHS = (
					"$(inherited)",
					"@executable_path/Frameworks",
					"@loader_path/Frameworks",
				);
				PRODUCT_BUNDLE_IDENTIFIER = com.bocato.OnTheMapTests;
				PRODUCT_NAME = "$(TARGET_NAME)";
				SWIFT_VERSION = 4.2;
				TARGETED_DEVICE_FAMILY = "1,2";
				TEST_HOST = "$(BUILT_PRODUCTS_DIR)/OnTheMap.app/OnTheMap";
			};
			name = Debug;
		};
		1413EDD322144DDC007D27BB /* Release */ = {
			isa = XCBuildConfiguration;
			buildSettings = {
				ALWAYS_EMBED_SWIFT_STANDARD_LIBRARIES = YES;
				BUNDLE_LOADER = "$(TEST_HOST)";
				CODE_SIGN_STYLE = Automatic;
				DEVELOPMENT_TEAM = 8X682DW69D;
				INFOPLIST_FILE = OnTheMapTests/Info.plist;
				LD_RUNPATH_SEARCH_PATHS = (
					"$(inherited)",
					"@executable_path/Frameworks",
					"@loader_path/Frameworks",
				);
				PRODUCT_BUNDLE_IDENTIFIER = com.bocato.OnTheMapTests;
				PRODUCT_NAME = "$(TARGET_NAME)";
				SWIFT_VERSION = 4.2;
				TARGETED_DEVICE_FAMILY = "1,2";
				TEST_HOST = "$(BUILT_PRODUCTS_DIR)/OnTheMap.app/OnTheMap";
			};
			name = Release;
		};
		1413EDD522144DDC007D27BB /* Debug */ = {
			isa = XCBuildConfiguration;
			buildSettings = {
				ALWAYS_EMBED_SWIFT_STANDARD_LIBRARIES = YES;
				CODE_SIGN_STYLE = Automatic;
				DEVELOPMENT_TEAM = 8X682DW69D;
				INFOPLIST_FILE = OnTheMapUITests/Info.plist;
				LD_RUNPATH_SEARCH_PATHS = (
					"$(inherited)",
					"@executable_path/Frameworks",
					"@loader_path/Frameworks",
				);
				PRODUCT_BUNDLE_IDENTIFIER = com.bocato.OnTheMapUITests;
				PRODUCT_NAME = "$(TARGET_NAME)";
				SWIFT_VERSION = 4.2;
				TARGETED_DEVICE_FAMILY = "1,2";
				TEST_TARGET_NAME = OnTheMap;
			};
			name = Debug;
		};
		1413EDD622144DDC007D27BB /* Release */ = {
			isa = XCBuildConfiguration;
			buildSettings = {
				ALWAYS_EMBED_SWIFT_STANDARD_LIBRARIES = YES;
				CODE_SIGN_STYLE = Automatic;
				DEVELOPMENT_TEAM = 8X682DW69D;
				INFOPLIST_FILE = OnTheMapUITests/Info.plist;
				LD_RUNPATH_SEARCH_PATHS = (
					"$(inherited)",
					"@executable_path/Frameworks",
					"@loader_path/Frameworks",
				);
				PRODUCT_BUNDLE_IDENTIFIER = com.bocato.OnTheMapUITests;
				PRODUCT_NAME = "$(TARGET_NAME)";
				SWIFT_VERSION = 4.2;
				TARGETED_DEVICE_FAMILY = "1,2";
				TEST_TARGET_NAME = OnTheMap;
			};
			name = Release;
		};
/* End XCBuildConfiguration section */

/* Begin XCConfigurationList section */
		1413EDA122144DDA007D27BB /* Build configuration list for PBXProject "OnTheMap" */ = {
			isa = XCConfigurationList;
			buildConfigurations = (
				1413EDCC22144DDC007D27BB /* Debug */,
				1413EDCD22144DDC007D27BB /* Release */,
			);
			defaultConfigurationIsVisible = 0;
			defaultConfigurationName = Release;
		};
		1413EDCE22144DDC007D27BB /* Build configuration list for PBXNativeTarget "OnTheMap" */ = {
			isa = XCConfigurationList;
			buildConfigurations = (
				1413EDCF22144DDC007D27BB /* Debug */,
				1413EDD022144DDC007D27BB /* Release */,
			);
			defaultConfigurationIsVisible = 0;
			defaultConfigurationName = Release;
		};
		1413EDD122144DDC007D27BB /* Build configuration list for PBXNativeTarget "OnTheMapTests" */ = {
			isa = XCConfigurationList;
			buildConfigurations = (
				1413EDD222144DDC007D27BB /* Debug */,
				1413EDD322144DDC007D27BB /* Release */,
			);
			defaultConfigurationIsVisible = 0;
			defaultConfigurationName = Release;
		};
		1413EDD422144DDC007D27BB /* Build configuration list for PBXNativeTarget "OnTheMapUITests" */ = {
			isa = XCConfigurationList;
			buildConfigurations = (
				1413EDD522144DDC007D27BB /* Debug */,
				1413EDD622144DDC007D27BB /* Release */,
			);
			defaultConfigurationIsVisible = 0;
			defaultConfigurationName = Release;
		};
/* End XCConfigurationList section */
	};
	rootObject = 1413ED9E22144DDA007D27BB /* Project object */;
}
